
Microsoft Visual Studio Solution File, Format Version 12.00
# Visual Studio 2013
VisualStudioVersion = 12.0.21005.1
MinimumVisualStudioVersion = 10.0.40219.1
Project("{CC5FD16D-436D-48AD-A40C-5A424C6E3E79}") = "BitService", "BitService\BitService.ccproj", "{EB891307-40F0-4D62-86A8-9AB63D9C5D5E}"
EndProject
Project("{FAE04EC0-301F-11D3-BF4B-00C04F79EFBC}") = "WebRole1", "WebRole1\WebRole1.csproj", "{74F16FD7-F08F-4D9A-87B4-E05EC819B652}"
EndProject
Global
	GlobalSection(SolutionConfigurationPlatforms) = preSolution
		Debug|Any CPU = Debug|Any CPU
		Release|Any CPU = Release|Any CPU
	EndGlobalSection
	GlobalSection(ProjectConfigurationPlatforms) = postSolution
		{EB891307-40F0-4D62-86A8-9AB63D9C5D5E}.Debug|Any CPU.ActiveCfg = Debug|Any CPU
		{EB891307-40F0-4D62-86A8-9AB63D9C5D5E}.Debug|Any CPU.Build.0 = Debug|Any CPU
		{EB891307-40F0-4D62-86A8-9AB63D9C5D5E}.Release|Any CPU.ActiveCfg = Release|Any CPU
		{EB891307-40F0-4D62-86A8-9AB63D9C5D5E}.Release|Any CPU.Build.0 = Release|Any CPU
		{74F16FD7-F08F-4D9A-87B4-E05EC819B652}.Debug|Any CPU.ActiveCfg = Debug|Any CPU
		{74F16FD7-F08F-4D9A-87B4-E05EC819B652}.Debug|Any CPU.Build.0 = Debug|Any CPU
		{74F16FD7-F08F-4D9A-87B4-E05EC819B652}.Release|Any CPU.ActiveCfg = Release|Any CPU
		{74F16FD7-F08F-4D9A-87B4-E05EC819B652}.Release|Any CPU.Build.0 = Release|Any CPU
	EndGlobalSection
	GlobalSection(SolutionProperties) = preSolution
		HideSolutionNode = FALSE
	EndGlobalSection
EndGlobal
